// !$*UTF8*$!
{
	archiveVersion = 1;
	classes = {
	};
	objectVersion = 50;
	objects = {

/* Begin PBXBuildFile section */
		2317A24A21DA311B00E88AE1 /* AppDelegate.swift in Sources */ = {isa = PBXBuildFile; fileRef = 2317A24921DA311B00E88AE1 /* AppDelegate.swift */; };
		2317A24F21DA311B00E88AE1 /* Main.storyboard in Resources */ = {isa = PBXBuildFile; fileRef = 2317A24D21DA311B00E88AE1 /* Main.storyboard */; };
		2317A25121DA311E00E88AE1 /* Assets.xcassets in Resources */ = {isa = PBXBuildFile; fileRef = 2317A25021DA311E00E88AE1 /* Assets.xcassets */; };
		2317A25421DA311E00E88AE1 /* LaunchScreen.storyboard in Resources */ = {isa = PBXBuildFile; fileRef = 2317A25221DA311E00E88AE1 /* LaunchScreen.storyboard */; };
		2317A25D21DA315B00E88AE1 /* LoginViewController.swift in Sources */ = {isa = PBXBuildFile; fileRef = 2317A25C21DA315B00E88AE1 /* LoginViewController.swift */; };
		2317A26021DA32BE00E88AE1 /* postController.swift in Sources */ = {isa = PBXBuildFile; fileRef = 2317A25F21DA32BE00E88AE1 /* postController.swift */; };
		2317A26321DA330600E88AE1 /* UserInfo.swift in Sources */ = {isa = PBXBuildFile; fileRef = 2317A26221DA330600E88AE1 /* UserInfo.swift */; };
		2317A26521DA332400E88AE1 /* locationsData.swift in Sources */ = {isa = PBXBuildFile; fileRef = 2317A26421DA332400E88AE1 /* locationsData.swift */; };
		2317A26721DA334000E88AE1 /* StudentLocation.swift in Sources */ = {isa = PBXBuildFile; fileRef = 2317A26621DA334000E88AE1 /* StudentLocation.swift */; };
		2317A26921DA33BD00E88AE1 /* APIConstants.swift in Sources */ = {isa = PBXBuildFile; fileRef = 2317A26821DA33BD00E88AE1 /* APIConstants.swift */; };
		2317A26B21DA3B4300E88AE1 /* globalFunctions.swift in Sources */ = {isa = PBXBuildFile; fileRef = 2317A26A21DA3B4300E88AE1 /* globalFunctions.swift */; };
		2317A26D21DA416B00E88AE1 /* getController.swift in Sources */ = {isa = PBXBuildFile; fileRef = 2317A26C21DA416B00E88AE1 /* getController.swift */; };
		2317A26F21DA69FD00E88AE1 /* MapViewController.swift in Sources */ = {isa = PBXBuildFile; fileRef = 2317A26E21DA69FD00E88AE1 /* MapViewController.swift */; };
		2317A27121DA6A0B00E88AE1 /* TableViewController.swift in Sources */ = {isa = PBXBuildFile; fileRef = 2317A27021DA6A0B00E88AE1 /* TableViewController.swift */; };
		2317A27321DA6A1900E88AE1 /* AddLocationViewController.swift in Sources */ = {isa = PBXBuildFile; fileRef = 2317A27221DA6A1900E88AE1 /* AddLocationViewController.swift */; };
		2317A27521DA6A6500E88AE1 /* TabBarViewController.swift in Sources */ = {isa = PBXBuildFile; fileRef = 2317A27421DA6A6500E88AE1 /* TabBarViewController.swift */; };
		2317A27721DA6C5600E88AE1 /* FinishLocationViewController.swift in Sources */ = {isa = PBXBuildFile; fileRef = 2317A27621DA6C5600E88AE1 /* FinishLocationViewController.swift */; };
		2317A27921DB8EBE00E88AE1 /* StudentTableViewCell.swift in Sources */ = {isa = PBXBuildFile; fileRef = 2317A27821DB8EBE00E88AE1 /* StudentTableViewCell.swift */; };
		23471F9921DE01B70073B068 /* deleteController.swift in Sources */ = {isa = PBXBuildFile; fileRef = 23471F9821DE01B70073B068 /* deleteController.swift */; };
/* End PBXBuildFile section */

/* Begin PBXFileReference section */
		2317A24621DA311B00E88AE1 /* OnTheMap.app */ = {isa = PBXFileReference; explicitFileType = wrapper.application; includeInIndex = 0; path = OnTheMap.app; sourceTree = BUILT_PRODUCTS_DIR; };
		2317A24921DA311B00E88AE1 /* AppDelegate.swift */ = {isa = PBXFileReference; lastKnownFileType = sourcecode.swift; path = AppDelegate.swift; sourceTree = "<group>"; };
		2317A24E21DA311B00E88AE1 /* Base */ = {isa = PBXFileReference; lastKnownFileType = file.storyboard; name = Base; path = Base.lproj/Main.storyboard; sourceTree = "<group>"; };
		2317A25021DA311E00E88AE1 /* Assets.xcassets */ = {isa = PBXFileReference; lastKnownFileType = folder.assetcatalog; path = Assets.xcassets; sourceTree = "<group>"; };
		2317A25321DA311E00E88AE1 /* Base */ = {isa = PBXFileReference; lastKnownFileType = file.storyboard; name = Base; path = Base.lproj/LaunchScreen.storyboard; sourceTree = "<group>"; };
		2317A25521DA311E00E88AE1 /* Info.plist */ = {isa = PBXFileReference; lastKnownFileType = text.plist.xml; path = Info.plist; sourceTree = "<group>"; };
		2317A25C21DA315B00E88AE1 /* LoginViewController.swift */ = {isa = PBXFileReference; lastKnownFileType = sourcecode.swift; path = LoginViewController.swift; sourceTree = "<group>"; };
		2317A25F21DA32BE00E88AE1 /* postController.swift */ = {isa = PBXFileReference; lastKnownFileType = sourcecode.swift; path = postController.swift; sourceTree = "<group>"; };
		2317A26221DA330600E88AE1 /* UserInfo.swift */ = {isa = PBXFileReference; lastKnownFileType = sourcecode.swift; path = UserInfo.swift; sourceTree = "<group>"; };
		2317A26421DA332400E88AE1 /* locationsData.swift */ = {isa = PBXFileReference; lastKnownFileType = sourcecode.swift; path = locationsData.swift; sourceTree = "<group>"; };
		2317A26621DA334000E88AE1 /* StudentLocation.swift */ = {isa = PBXFileReference; lastKnownFileType = sourcecode.swift; path = StudentLocation.swift; sourceTree = "<group>"; };
		2317A26821DA33BD00E88AE1 /* APIConstants.swift */ = {isa = PBXFileReference; lastKnownFileType = sourcecode.swift; path = APIConstants.swift; sourceTree = "<group>"; };
		2317A26A21DA3B4300E88AE1 /* globalFunctions.swift */ = {isa = PBXFileReference; lastKnownFileType = sourcecode.swift; path = globalFunctions.swift; sourceTree = "<group>"; };
		2317A26C21DA416B00E88AE1 /* getController.swift */ = {isa = PBXFileReference; lastKnownFileType = sourcecode.swift; path = getController.swift; sourceTree = "<group>"; };
		2317A26E21DA69FD00E88AE1 /* MapViewController.swift */ = {isa = PBXFileReference; lastKnownFileType = sourcecode.swift; path = MapViewController.swift; sourceTree = "<group>"; };
		2317A27021DA6A0B00E88AE1 /* TableViewController.swift */ = {isa = PBXFileReference; lastKnownFileType = sourcecode.swift; path = TableViewController.swift; sourceTree = "<group>"; };
		2317A27221DA6A1900E88AE1 /* AddLocationViewController.swift */ = {isa = PBXFileReference; lastKnownFileType = sourcecode.swift; path = AddLocationViewController.swift; sourceTree = "<group>"; };
		2317A27421DA6A6500E88AE1 /* TabBarViewController.swift */ = {isa = PBXFileReference; lastKnownFileType = sourcecode.swift; path = TabBarViewController.swift; sourceTree = "<group>"; };
		2317A27621DA6C5600E88AE1 /* FinishLocationViewController.swift */ = {isa = PBXFileReference; lastKnownFileType = sourcecode.swift; path = FinishLocationViewController.swift; sourceTree = "<group>"; };
		2317A27821DB8EBE00E88AE1 /* StudentTableViewCell.swift */ = {isa = PBXFileReference; lastKnownFileType = sourcecode.swift; path = StudentTableViewCell.swift; sourceTree = "<group>"; };
		23471F9821DE01B70073B068 /* deleteController.swift */ = {isa = PBXFileReference; lastKnownFileType = sourcecode.swift; path = deleteController.swift; sourceTree = "<group>"; };
/* End PBXFileReference section */

/* Begin PBXFrameworksBuildPhase section */
		2317A24321DA311B00E88AE1 /* Frameworks */ = {
			isa = PBXFrameworksBuildPhase;
			buildActionMask = 2147483647;
			files = (
			);
			runOnlyForDeploymentPostprocessing = 0;
		};
/* End PBXFrameworksBuildPhase section */

/* Begin PBXGroup section */
		2317A23D21DA311A00E88AE1 = {
			isa = PBXGroup;
			children = (
				2317A24821DA311B00E88AE1 /* OnTheMap */,
				2317A24721DA311B00E88AE1 /* Products */,
			);
			sourceTree = "<group>";
		};
		2317A24721DA311B00E88AE1 /* Products */ = {
			isa = PBXGroup;
			children = (
				2317A24621DA311B00E88AE1 /* OnTheMap.app */,
			);
			name = Products;
			sourceTree = "<group>";
		};
		2317A24821DA311B00E88AE1 /* OnTheMap */ = {
			isa = PBXGroup;
			children = (
				2317A26121DA32F500E88AE1 /* classes */,
				2317A25E21DA329C00E88AE1 /* Network */,
				2317A25B21DA312C00E88AE1 /* ViewControllers */,
				2317A24921DA311B00E88AE1 /* AppDelegate.swift */,
				2317A24D21DA311B00E88AE1 /* Main.storyboard */,
				2317A25021DA311E00E88AE1 /* Assets.xcassets */,
				2317A25221DA311E00E88AE1 /* LaunchScreen.storyboard */,
				2317A25521DA311E00E88AE1 /* Info.plist */,
				2317A26A21DA3B4300E88AE1 /* globalFunctions.swift */,
				2317A27821DB8EBE00E88AE1 /* StudentTableViewCell.swift */,
			);
			path = OnTheMap;
			sourceTree = "<group>";
		};
		2317A25B21DA312C00E88AE1 /* ViewControllers */ = {
			isa = PBXGroup;
			children = (
				2317A25C21DA315B00E88AE1 /* LoginViewController.swift */,
				2317A26E21DA69FD00E88AE1 /* MapViewController.swift */,
				2317A27021DA6A0B00E88AE1 /* TableViewController.swift */,
				2317A27221DA6A1900E88AE1 /* AddLocationViewController.swift */,
				2317A27421DA6A6500E88AE1 /* TabBarViewController.swift */,
				2317A27621DA6C5600E88AE1 /* FinishLocationViewController.swift */,
			);
			path = ViewControllers;
			sourceTree = "<group>";
		};
		2317A25E21DA329C00E88AE1 /* Network */ = {
			isa = PBXGroup;
			children = (
				2317A25F21DA32BE00E88AE1 /* postController.swift */,
				2317A26821DA33BD00E88AE1 /* APIConstants.swift */,
				2317A26C21DA416B00E88AE1 /* getController.swift */,
				23471F9821DE01B70073B068 /* deleteController.swift */,
			);
			path = Network;
			sourceTree = "<group>";
		};
		2317A26121DA32F500E88AE1 /* classes */ = {
			isa = PBXGroup;
			children = (
				2317A26221DA330600E88AE1 /* UserInfo.swift */,
				2317A26421DA332400E88AE1 /* locationsData.swift */,
				2317A26621DA334000E88AE1 /* StudentLocation.swift */,
			);
			path = classes;
			sourceTree = "<group>";
		};
/* End PBXGroup section */

/* Begin PBXNativeTarget section */
		2317A24521DA311B00E88AE1 /* OnTheMap */ = {
			isa = PBXNativeTarget;
			buildConfigurationList = 2317A25821DA311E00E88AE1 /* Build configuration list for PBXNativeTarget "OnTheMap" */;
			buildPhases = (
				2317A24221DA311B00E88AE1 /* Sources */,
				2317A24321DA311B00E88AE1 /* Frameworks */,
				2317A24421DA311B00E88AE1 /* Resources */,
			);
			buildRules = (
			);
			dependencies = (
			);
			name = OnTheMap;
			productName = OnTheMap;
			productReference = 2317A24621DA311B00E88AE1 /* OnTheMap.app */;
			productType = "com.apple.product-type.application";
		};
/* End PBXNativeTarget section */

/* Begin PBXProject section */
		2317A23E21DA311A00E88AE1 /* Project object */ = {
			isa = PBXProject;
			attributes = {
				LastSwiftUpdateCheck = 1010;
				LastUpgradeCheck = 1010;
				ORGANIZATIONNAME = UdacityHS;
				TargetAttributes = {
					2317A24521DA311B00E88AE1 = {
						CreatedOnToolsVersion = 10.1;
					};
				};
			};
			buildConfigurationList = 2317A24121DA311A00E88AE1 /* Build configuration list for PBXProject "OnTheMap" */;
			compatibilityVersion = "Xcode 9.3";
			developmentRegion = en;
			hasScannedForEncodings = 0;
			knownRegions = (
				en,
				Base,
			);
			mainGroup = 2317A23D21DA311A00E88AE1;
			productRefGroup = 2317A24721DA311B00E88AE1 /* Products */;
			projectDirPath = "";
			projectRoot = "";
			targets = (
				2317A24521DA311B00E88AE1 /* OnTheMap */,
			);
		};
/* End PBXProject section */

/* Begin PBXResourcesBuildPhase section */
		2317A24421DA311B00E88AE1 /* Resources */ = {
			isa = PBXResourcesBuildPhase;
			buildActionMask = 2147483647;
			files = (
				2317A25421DA311E00E88AE1 /* LaunchScreen.storyboard in Resources */,
				2317A25121DA311E00E88AE1 /* Assets.xcassets in Resources */,
				2317A24F21DA311B00E88AE1 /* Main.storyboard in Resources */,
			);
			runOnlyForDeploymentPostprocessing = 0;
		};
/* End PBXResourcesBuildPhase section */

/* Begin PBXSourcesBuildPhase section */
		2317A24221DA311B00E88AE1 /* Sources */ = {
			isa = PBXSourcesBuildPhase;
			buildActionMask = 2147483647;
			files = (
				2317A26721DA334000E88AE1 /* StudentLocation.swift in Sources */,
				2317A26921DA33BD00E88AE1 /* APIConstants.swift in Sources */,
				2317A27721DA6C5600E88AE1 /* FinishLocationViewController.swift in Sources */,
				2317A26B21DA3B4300E88AE1 /* globalFunctions.swift in Sources */,
				2317A26F21DA69FD00E88AE1 /* MapViewController.swift in Sources */,
				2317A26321DA330600E88AE1 /* UserInfo.swift in Sources */,
				2317A25D21DA315B00E88AE1 /* LoginViewController.swift in Sources */,
				2317A27121DA6A0B00E88AE1 /* TableViewController.swift in Sources */,
				23471F9921DE01B70073B068 /* deleteController.swift in Sources */,
				2317A27321DA6A1900E88AE1 /* AddLocationViewController.swift in Sources */,
				2317A26021DA32BE00E88AE1 /* postController.swift in Sources */,
				2317A26521DA332400E88AE1 /* locationsData.swift in Sources */,
				2317A27921DB8EBE00E88AE1 /* StudentTableViewCell.swift in Sources */,
				2317A27521DA6A6500E88AE1 /* TabBarViewController.swift in Sources */,
				2317A26D21DA416B00E88AE1 /* getController.swift in Sources */,
				2317A24A21DA311B00E88AE1 /* AppDelegate.swift in Sources */,
			);
			runOnlyForDeploymentPostprocessing = 0;
		};
/* End PBXSourcesBuildPhase section */

/* Begin PBXVariantGroup section */
		2317A24D21DA311B00E88AE1 /* Main.storyboard */ = {
			isa = PBXVariantGroup;
			children = (
				2317A24E21DA311B00E88AE1 /* Base */,
			);
			name = Main.storyboard;
			sourceTree = "<group>";
		};
		2317A25221DA311E00E88AE1 /* LaunchScreen.storyboard */ = {
			isa = PBXVariantGroup;
			children = (
				2317A25321DA311E00E88AE1 /* Base */,
			);
			name = LaunchScreen.storyboard;
			sourceTree = "<group>";
		};
/* End PBXVariantGroup section */

/* Begin XCBuildConfiguration section */
		2317A25621DA311E00E88AE1 /* Debug */ = {
			isa = XCBuildConfiguration;
			buildSettings = {
				ALWAYS_SEARCH_USER_PATHS = NO;
				CLANG_ANALYZER_NONNULL = YES;
				CLANG_ANALYZER_NUMBER_OBJECT_CONVERSION = YES_AGGRESSIVE;
				CLANG_CXX_LANGUAGE_STANDARD = "gnu++14";
				CLANG_CXX_LIBRARY = "libc++";
				CLANG_ENABLE_MODULES = YES;
				CLANG_ENABLE_OBJC_ARC = YES;
				CLANG_ENABLE_OBJC_WEAK = YES;
				CLANG_WARN_BLOCK_CAPTURE_AUTORELEASING = YES;
				CLANG_WARN_BOOL_CONVERSION = YES;
				CLANG_WARN_COMMA = YES;
				CLANG_WARN_CONSTANT_CONVERSION = YES;
				CLANG_WARN_DEPRECATED_OBJC_IMPLEMENTATIONS = YES;
				CLANG_WARN_DIRECT_OBJC_ISA_USAGE = YES_ERROR;
				CLANG_WARN_DOCUMENTATION_COMMENTS = YES;
				CLANG_WARN_EMPTY_BODY = YES;
				CLANG_WARN_ENUM_CONVERSION = YES;
				CLANG_WARN_INFINITE_RECURSION = YES;
				CLANG_WARN_INT_CONVERSION = YES;
				CLANG_WARN_NON_LITERAL_NULL_CONVERSION = YES;
				CLANG_WARN_OBJC_IMPLICIT_RETAIN_SELF = YES;
				CLANG_WARN_OBJC_LITERAL_CONVERSION = YES;
				CLANG_WARN_OBJC_ROOT_CLASS = YES_ERROR;
				CLANG_WARN_RANGE_LOOP_ANALYSIS = YES;
				CLANG_WARN_STRICT_PROTOTYPES = YES;
				CLANG_WARN_SUSPICIOUS_MOVE = YES;
				CLANG_WARN_UNGUARDED_AVAILABILITY = YES_AGGRESSIVE;
				CLANG_WARN_UNREACHABLE_CODE = YES;
				CLANG_WARN__DUPLICATE_METHOD_MATCH = YES;
				CODE_SIGN_IDENTITY = "iPhone Developer";
				COPY_PHASE_STRIP = NO;
				DEBUG_INFORMATION_FORMAT = dwarf;
				ENABLE_STRICT_OBJC_MSGSEND = YES;
				ENABLE_TESTABILITY = YES;
				GCC_C_LANGUAGE_STANDARD = gnu11;
				GCC_DYNAMIC_NO_PIC = NO;
				GCC_NO_COMMON_BLOCKS = YES;
				GCC_OPTIMIZATION_LEVEL = 0;
				GCC_PREPROCESSOR_DEFINITIONS = (
					"DEBUG=1",
					"$(inherited)",
				);
				GCC_WARN_64_TO_32_BIT_CONVERSION = YES;
				GCC_WARN_ABOUT_RETURN_TYPE = YES_ERROR;
				GCC_WARN_UNDECLARED_SELECTOR = YES;
				GCC_WARN_UNINITIALIZED_AUTOS = YES_AGGRESSIVE;
				GCC_WARN_UNUSED_FUNCTION = YES;
				GCC_WARN_UNUSED_VARIABLE = YES;
				IPHONEOS_DEPLOYMENT_TARGET = 12.1;
				MTL_ENABLE_DEBUG_INFO = INCLUDE_SOURCE;
				MTL_FAST_MATH = YES;
				ONLY_ACTIVE_ARCH = YES;
				SDKROOT = iphoneos;
				SWIFT_ACTIVE_COMPILATION_CONDITIONS = DEBUG;
				SWIFT_OPTIMIZATION_LEVEL = "-Onone";
			};
			name = Debug;
		};
		2317A25721DA311E00E88AE1 /* Release */ = {
			isa = XCBuildConfiguration;
			buildSettings = {
				ALWAYS_SEARCH_USER_PATHS = NO;
				CLANG_ANALYZER_NONNULL = YES;
				CLANG_ANALYZER_NUMBER_OBJECT_CONVERSION = YES_AGGRESSIVE;
				CLANG_CXX_LANGUAGE_STANDARD = "gnu++14";
				CLANG_CXX_LIBRARY = "libc++";
				CLANG_ENABLE_MODULES = YES;
				CLANG_ENABLE_OBJC_ARC = YES;
				CLANG_ENABLE_OBJC_WEAK = YES;
				CLANG_WARN_BLOCK_CAPTURE_AUTORELEASING = YES;
				CLANG_WARN_BOOL_CONVERSION = YES;
				CLANG_WARN_COMMA = YES;
				CLANG_WARN_CONSTANT_CONVERSION = YES;
				CLANG_WARN_DEPRECATED_OBJC_IMPLEMENTATIONS = YES;
				CLANG_WARN_DIRECT_OBJC_ISA_USAGE = YES_ERROR;
				CLANG_WARN_DOCUMENTATION_COMMENTS = YES;
				CLANG_WARN_EMPTY_BODY = YES;
				CLANG_WARN_ENUM_CONVERSION = YES;
				CLANG_WARN_INFINITE_RECURSION = YES;
				CLANG_WARN_INT_CONVERSION = YES;
				CLANG_WARN_NON_LITERAL_NULL_CONVERSION = YES;
				CLANG_WARN_OBJC_IMPLICIT_RETAIN_SELF = YES;
				CLANG_WARN_OBJC_LITERAL_CONVERSION = YES;
				CLANG_WARN_OBJC_ROOT_CLASS = YES_ERROR;
				CLANG_WARN_RANGE_LOOP_ANALYSIS = YES;
				CLANG_WARN_STRICT_PROTOTYPES = YES;
				CLANG_WARN_SUSPICIOUS_MOVE = YES;
				CLANG_WARN_UNGUARDED_AVAILABILITY = YES_AGGRESSIVE;
				CLANG_WARN_UNREACHABLE_CODE = YES;
				CLANG_WARN__DUPLICATE_METHOD_MATCH = YES;
				CODE_SIGN_IDENTITY = "iPhone Developer";
				COPY_PHASE_STRIP = NO;
				DEBUG_INFORMATION_FORMAT = "dwarf-with-dsym";
				ENABLE_NS_ASSERTIONS = NO;
				ENABLE_STRICT_OBJC_MSGSEND = YES;
				GCC_C_LANGUAGE_STANDARD = gnu11;
				GCC_NO_COMMON_BLOCKS = YES;
				GCC_WARN_64_TO_32_BIT_CONVERSION = YES;
				GCC_WARN_ABOUT_RETURN_TYPE = YES_ERROR;
				GCC_WARN_UNDECLARED_SELECTOR = YES;
				GCC_WARN_UNINITIALIZED_AUTOS = YES_AGGRESSIVE;
				GCC_WARN_UNUSED_FUNCTION = YES;
				GCC_WARN_UNUSED_VARIABLE = YES;
				IPHONEOS_DEPLOYMENT_TARGET = 12.1;
				MTL_ENABLE_DEBUG_INFO = NO;
				MTL_FAST_MATH = YES;
				SDKROOT = iphoneos;
				SWIFT_COMPILATION_MODE = wholemodule;
				SWIFT_OPTIMIZATION_LEVEL = "-O";
				VALIDATE_PRODUCT = YES;
			};
			name = Release;
		};
		2317A25921DA311E00E88AE1 /* Debug */ = {
			isa = XCBuildConfiguration;
			buildSettings = {
				ASSETCATALOG_COMPILER_APPICON_NAME = AppIcon;
				CODE_SIGN_STYLE = Automatic;
				INFOPLIST_FILE = OnTheMap/Info.plist;
				LD_RUNPATH_SEARCH_PATHS = (
					"$(inherited)",
					"@executable_path/Frameworks",
				);
				PRODUCT_BUNDLE_IDENTIFIER = com.udacity.OnTheMap;
				PRODUCT_NAME = "$(TARGET_NAME)";
				SWIFT_VERSION = 4.2;
				TARGETED_DEVICE_FAMILY = "1,2";
			};
			name = Debug;
		};
		2317A25A21DA311E00E88AE1 /* Release */ = {
			isa = XCBuildConfiguration;
			buildSettings = {
				ASSETCATALOG_COMPILER_APPICON_NAME = AppIcon;
				CODE_SIGN_STYLE = Automatic;
				INFOPLIST_FILE = OnTheMap/Info.plist;
				LD_RUNPATH_SEARCH_PATHS = (
					"$(inherited)",
					"@executable_path/Frameworks",
				);
				PRODUCT_BUNDLE_IDENTIFIER = com.udacity.OnTheMap;
				PRODUCT_NAME = "$(TARGET_NAME)";
				SWIFT_VERSION = 4.2;
				TARGETED_DEVICE_FAMILY = "1,2";
			};
			name = Release;
		};
/* End XCBuildConfiguration section */

/* Begin XCConfigurationList section */
		2317A24121DA311A00E88AE1 /* Build configuration list for PBXProject "OnTheMap" */ = {
			isa = XCConfigurationList;
			buildConfigurations = (
				2317A25621DA311E00E88AE1 /* Debug */,
				2317A25721DA311E00E88AE1 /* Release */,
			);
			defaultConfigurationIsVisible = 0;
			defaultConfigurationName = Release;
		};
		2317A25821DA311E00E88AE1 /* Build configuration list for PBXNativeTarget "OnTheMap" */ = {
			isa = XCConfigurationList;
			buildConfigurations = (
				2317A25921DA311E00E88AE1 /* Debug */,
				2317A25A21DA311E00E88AE1 /* Release */,
			);
			defaultConfigurationIsVisible = 0;
			defaultConfigurationName = Release;
		};
/* End XCConfigurationList section */
	};
	rootObject = 2317A23E21DA311A00E88AE1 /* Project object */;
}
